
Microsoft Visual Studio Solution File, Format Version 12.00
# Visual Studio Version 16
VisualStudioVersion = 16.0.31112.23
MinimumVisualStudioVersion = 10.0.40219.1
Project("{8BC9CEB8-8B4A-11D0-8D11-00A0C91BC942}") = "PInvoke_Test", "PInvoke_Test.vcxproj", "{6A7A3055-5659-488E-9ADD-16F068A3BB6C}"
EndProject
Project("{FAE04EC0-301F-11D3-BF4B-00C04F79EFBC}") = "CSharpInvoker", "CSharpInvoker\CSharpInvoker.csproj", "{7E4191CA-9FA9-4038-A0C2-412A0CFDE679}"
EndProject
Global
	GlobalSection(SolutionConfigurationPlatforms) = preSolution
		Debug|Any CPU = Debug|Any CPU
		Debug|x64 = Debug|x64
		Debug|x86 = Debug|x86
		Release|Any CPU = Release|Any CPU
		Release|x64 = Release|x64
		Release|x86 = Release|x86
	EndGlobalSection
	GlobalSection(ProjectConfigurationPlatforms) = postSolution
		{6A7A3055-5659-488E-9ADD-16F068A3BB6C}.Debug|Any CPU.ActiveCfg = Debug|Win32
		{6A7A3055-5659-488E-9ADD-16F068A3BB6C}.Debug|x64.ActiveCfg = Debug|x64
		{6A7A3055-5659-488E-9ADD-16F068A3BB6C}.Debug|x64.Build.0 = Debug|x64
		{6A7A3055-5659-488E-9ADD-16F068A3BB6C}.Debug|x86.ActiveCfg = Debug|Win32
		{6A7A3055-5659-488E-9ADD-16F068A3BB6C}.Debug|x86.Build.0 = Debug|Win32
		{6A7A3055-5659-488E-9ADD-16F068A3BB6C}.Release|Any CPU.ActiveCfg = Release|Win32
		{6A7A3055-5659-488E-9ADD-16F068A3BB6C}.Release|x64.ActiveCfg = Release|x64
		{6A7A3055-5659-488E-9ADD-16F068A3BB6C}.Release|x64.Build.0 = Release|x64
		{6A7A3055-5659-488E-9ADD-16F068A3BB6C}.Release|x86.ActiveCfg = Release|Win32
		{6A7A3055-5659-488E-9ADD-16F068A3BB6C}.Release|x86.Build.0 = Release|Win32
		{7E4191CA-9FA9-4038-A0C2-412A0CFDE679}.Debug|Any CPU.ActiveCfg = Debug|Any CPU
		{7E4191CA-9FA9-4038-A0C2-412A0CFDE679}.Debug|Any CPU.Build.0 = Debug|Any CPU
		{7E4191CA-9FA9-4038-A0C2-412A0CFDE679}.Debug|x64.ActiveCfg = Debug|Any CPU
		{7E4191CA-9FA9-4038-A0C2-412A0CFDE679}.Debug|x64.Build.0 = Debug|Any CPU
		{7E4191CA-9FA9-4038-A0C2-412A0CFDE679}.Debug|x86.ActiveCfg = Debug|Any CPU
		{7E4191CA-9FA9-4038-A0C2-412A0CFDE679}.Debug|x86.Build.0 = Debug|Any CPU
		{7E4191CA-9FA9-4038-A0C2-412A0CFDE679}.Release|Any CPU.ActiveCfg = Release|Any CPU
		{7E4191CA-9FA9-4038-A0C2-412A0CFDE679}.Release|Any CPU.Build.0 = Release|Any CPU
		{7E4191CA-9FA9-4038-A0C2-412A0CFDE679}.Release|x64.ActiveCfg = Release|Any CPU
		{7E4191CA-9FA9-4038-A0C2-412A0CFDE679}.Release|x64.Build.0 = Release|Any CPU
		{7E4191CA-9FA9-4038-A0C2-412A0CFDE679}.Release|x86.ActiveCfg = Release|Any CPU
		{7E4191CA-9FA9-4038-A0C2-412A0CFDE679}.Release|x86.Build.0 = Release|Any CPU
	EndGlobalSection
	GlobalSection(SolutionProperties) = preSolution
		HideSolutionNode = FALSE
	EndGlobalSection
	GlobalSection(ExtensibilityGlobals) = postSolution
		SolutionGuid = {CB94C8A3-274C-411B-B167-49D490F74186}
	EndGlobalSection
EndGlobal
